{
  "version": 4,
  "terraform_version": "1.9.5",
  "serial": 118,
  "lineage": "a4bb5990-f172-a764-66e8-37bfa94c40a3",
  "outputs": {},
  "resources": [
    {
      "mode": "data",
      "type": "external",
      "name": "env",
      "provider": "provider[\"registry.terraform.io/hashicorp/external\"]",
      "instances": [
        {
          "schema_version": 0,
          "attributes": {
            "id": "-",
            "program": [
              "./env.sh"
            ],
            "query": null,
            "result": {
              "os_auth_plugin": "password",
              "os_auth_url": "http://10.0.10.100:5000",
              "os_endpoint_type": "internalURL",
              "os_identity_api_version": "3",
              "os_interface": "internal",
              "os_manila_endpoint_type": "internalURL",
              "os_mistral_endpoint_type": "internalURL",
              "os_password": "aDc5xYkQix8PxnvJAi1maRvEKVA4GyAoHvjovNbR",
              "os_project_domain_name": "Default",
              "os_project_name": "admin",
              "os_region_name": "RegionOne",
              "os_tenant_name": "admin",
              "os_user_domain_name": "Default",
              "os_username": "admin"
            },
            "working_dir": null
          },
          "sensitive_attributes": []
        }
      ]
    },
    {
      "mode": "data",
      "type": "openstack_networking_network_v2",
      "name": "network",
      "provider": "provider[\"registry.terraform.io/terraform-provider-openstack/openstack\"]",
      "instances": [
        {
          "schema_version": 0,
          "attributes": {
            "admin_state_up": "true",
            "all_tags": [],
            "availability_zone_hints": [],
            "description": "",
            "dns_domain": "",
            "external": false,
            "id": "e7cdf246-e4f5-4d36-b0dc-7f8e8ae12d1f",
            "matching_subnet_cidr": null,
            "mtu": 1442,
            "name": "demo-net",
            "network_id": null,
            "region": "RegionOne",
            "segments": [
              {
                "network_type": "geneve",
                "physical_network": "",
                "segmentation_id": 1486
              }
            ],
            "shared": "false",
            "status": null,
            "subnets": [
              "6d579a52-c8c6-4e27-bd08-ac59012efbc6"
            ],
            "tags": null,
            "tenant_id": "153da7c282904af8b61d59d064ec50a2",
            "transparent_vlan": false
          },
          "sensitive_attributes": []
        }
      ]
    },
    {
      "mode": "managed",
      "type": "openstack_compute_instance_v2",
      "name": "instance_1",
      "provider": "provider[\"registry.terraform.io/terraform-provider-openstack/openstack\"]",
      "instances": [
        {
          "schema_version": 0,
          "attributes": {
            "access_ip_v4": "10.0.0.92",
            "access_ip_v6": "",
            "admin_pass": null,
            "all_metadata": {},
            "all_tags": [],
            "availability_zone": "nova",
            "availability_zone_hints": null,
            "block_device": [],
            "config_drive": null,
            "created": "2024-09-16 08:55:03 +0000 UTC",
            "flavor_id": "2",
            "flavor_name": "m1.small",
            "floating_ip": null,
            "force_delete": false,
            "id": "c181cffb-7eff-4af5-b88b-5fde944bffb2",
            "image_id": "9a9410ef-6dc8-42a1-ab94-d0d6efd82e5b",
            "image_name": "jammy-server-cloudimg-amd64",
            "key_pair": "testkey",
            "metadata": null,
            "name": "app_1",
            "network": [
              {
                "access_network": false,
                "fixed_ip_v4": "10.0.0.92",
                "fixed_ip_v6": "",
                "floating_ip": "",
                "mac": "fa:16:3e:d2:61:ef",
                "name": "demo-net",
                "port": "65608ff0-842c-4dfb-8737-42e81a279d90",
                "uuid": "e7cdf246-e4f5-4d36-b0dc-7f8e8ae12d1f"
              }
            ],
            "network_mode": null,
            "personality": [],
            "power_state": "active",
            "region": "RegionOne",
            "scheduler_hints": [],
            "security_groups": [
              "secgroup_1"
            ],
            "stop_before_destroy": false,
            "tags": null,
            "timeouts": null,
            "updated": "2024-09-16 08:55:11 +0000 UTC",
            "user_data": "898e1ab5ce1e7e0c43110e32df9a1f2664ce4b4a",
            "vendor_options": [],
            "volume": []
          },
          "sensitive_attributes": [
            [
              {
                "type": "get_attr",
                "value": "admin_pass"
              }
            ]
          ],
          "private": "eyJlMmJmYjczMC1lY2FhLTExZTYtOGY4OC0zNDM2M2JjN2M0YzAiOnsiY3JlYXRlIjoxODAwMDAwMDAwMDAwLCJkZWxldGUiOjE4MDAwMDAwMDAwMDAsInVwZGF0ZSI6MTgwMDAwMDAwMDAwMH19",
          "dependencies": [
            "data.external.env",
            "data.openstack_networking_network_v2.network",
            "openstack_networking_port_v2.port_1"
          ]
        }
      ]
    },
    {
      "mode": "managed",
      "type": "openstack_networking_floatingip_associate_v2",
      "name": "fip_1",
      "provider": "provider[\"registry.terraform.io/terraform-provider-openstack/openstack\"]",
      "instances": [
        {
          "schema_version": 0,
          "attributes": {
            "fixed_ip": "10.0.0.92",
            "floating_ip": "192.168.1.196",
            "id": "e29af448-acff-40b2-8083-30718a68d5bf",
            "port_id": "65608ff0-842c-4dfb-8737-42e81a279d90",
            "region": "RegionOne"
          },
          "sensitive_attributes": [],
          "private": "bnVsbA==",
          "dependencies": [
            "data.external.env",
            "data.openstack_networking_network_v2.network",
            "openstack_networking_floatingip_v2.floatip_1",
            "openstack_networking_port_v2.port_1"
          ]
        }
      ]
    },
    {
      "mode": "managed",
      "type": "openstack_networking_floatingip_v2",
      "name": "floatip_1",
      "provider": "provider[\"registry.terraform.io/terraform-provider-openstack/openstack\"]",
      "instances": [
        {
          "schema_version": 0,
          "attributes": {
            "address": "192.168.1.196",
            "all_tags": [],
            "description": "",
            "dns_domain": "",
            "dns_name": "",
            "fixed_ip": "",
            "id": "e29af448-acff-40b2-8083-30718a68d5bf",
            "pool": "public1",
            "port_id": "",
            "region": "RegionOne",
            "subnet_id": null,
            "subnet_ids": null,
            "tags": null,
            "tenant_id": "153da7c282904af8b61d59d064ec50a2",
            "timeouts": null,
            "value_specs": null
          },
          "sensitive_attributes": [],
          "private": "eyJlMmJmYjczMC1lY2FhLTExZTYtOGY4OC0zNDM2M2JjN2M0YzAiOnsiY3JlYXRlIjo2MDAwMDAwMDAwMDAsImRlbGV0ZSI6NjAwMDAwMDAwMDAwfX0=",
          "dependencies": [
            "data.external.env"
          ]
        }
      ]
    },
    {
      "mode": "managed",
      "type": "openstack_networking_port_secgroup_associate_v2",
      "name": "port_1",
      "provider": "provider[\"registry.terraform.io/terraform-provider-openstack/openstack\"]",
      "instances": [
        {
          "schema_version": 0,
          "attributes": {
            "all_security_group_ids": [
              "20565c49-abfb-418f-92b6-ed7d7ec40e48",
              "6c9e7105-e882-4899-8d1c-97d2125ecd50"
            ],
            "enforce": false,
            "id": "65608ff0-842c-4dfb-8737-42e81a279d90",
            "port_id": "65608ff0-842c-4dfb-8737-42e81a279d90",
            "region": "RegionOne",
            "security_group_ids": [
              "20565c49-abfb-418f-92b6-ed7d7ec40e48"
            ]
          },
          "sensitive_attributes": [],
          "private": "bnVsbA==",
          "dependencies": [
            "data.external.env",
            "data.openstack_networking_network_v2.network",
            "openstack_networking_port_v2.port_1",
            "openstack_networking_secgroup_v2.secgroup_1"
          ]
        }
      ]
    },
    {
      "mode": "managed",
      "type": "openstack_networking_port_v2",
      "name": "port_1",
      "provider": "provider[\"registry.terraform.io/terraform-provider-openstack/openstack\"]",
      "instances": [
        {
          "schema_version": 0,
          "attributes": {
            "admin_state_up": true,
            "all_fixed_ips": [
              "10.0.0.92"
            ],
            "all_security_group_ids": [
              "6c9e7105-e882-4899-8d1c-97d2125ecd50"
            ],
            "all_tags": [],
            "allowed_address_pairs": [],
            "binding": [
              {
                "host_id": "",
                "profile": "{}",
                "vif_details": {},
                "vif_type": "unbound",
                "vnic_type": "normal"
              }
            ],
            "description": "",
            "device_id": "",
            "device_owner": "",
            "dns_assignment": [
              {
                "fqdn": "host-10-0-0-92.openstacklocal.",
                "hostname": "host-10-0-0-92",
                "ip_address": "10.0.0.92"
              }
            ],
            "dns_name": "",
            "extra_dhcp_option": [],
            "fixed_ip": [],
            "id": "65608ff0-842c-4dfb-8737-42e81a279d90",
            "mac_address": "fa:16:3e:d2:61:ef",
            "name": "",
            "network_id": "e7cdf246-e4f5-4d36-b0dc-7f8e8ae12d1f",
            "no_fixed_ip": null,
            "no_security_groups": null,
            "port_security_enabled": true,
            "qos_policy_id": "",
            "region": "RegionOne",
            "security_group_ids": null,
            "tags": null,
            "tenant_id": "153da7c282904af8b61d59d064ec50a2",
            "timeouts": null,
            "value_specs": null
          },
          "sensitive_attributes": [],
          "private": "eyJlMmJmYjczMC1lY2FhLTExZTYtOGY4OC0zNDM2M2JjN2M0YzAiOnsiY3JlYXRlIjo2MDAwMDAwMDAwMDAsImRlbGV0ZSI6NjAwMDAwMDAwMDAwfX0=",
          "dependencies": [
            "data.external.env",
            "data.openstack_networking_network_v2.network"
          ]
        }
      ]
    },
    {
      "mode": "managed",
      "type": "openstack_networking_secgroup_rule_v2",
      "name": "secgroup_rule_1",
      "provider": "provider[\"registry.terraform.io/terraform-provider-openstack/openstack\"]",
      "instances": [
        {
          "schema_version": 0,
          "attributes": {
            "description": "",
            "direction": "ingress",
            "ethertype": "IPv4",
            "id": "3d202586-e134-4d86-91fb-123150a46f8c",
            "port_range_max": 22,
            "port_range_min": 22,
            "protocol": "tcp",
            "region": "RegionOne",
            "remote_group_id": "",
            "remote_ip_prefix": "0.0.0.0/0",
            "security_group_id": "20565c49-abfb-418f-92b6-ed7d7ec40e48",
            "tenant_id": "153da7c282904af8b61d59d064ec50a2",
            "timeouts": null
          },
          "sensitive_attributes": [],
          "private": "eyJlMmJmYjczMC1lY2FhLTExZTYtOGY4OC0zNDM2M2JjN2M0YzAiOnsiZGVsZXRlIjo2MDAwMDAwMDAwMDB9fQ==",
          "dependencies": [
            "data.external.env",
            "openstack_networking_secgroup_v2.secgroup_1"
          ]
        }
      ]
    },
    {
      "mode": "managed",
      "type": "openstack_networking_secgroup_rule_v2",
      "name": "secgroup_rule_2",
      "provider": "provider[\"registry.terraform.io/terraform-provider-openstack/openstack\"]",
      "instances": [
        {
          "schema_version": 0,
          "attributes": {
            "description": "",
            "direction": "ingress",
            "ethertype": "IPv4",
            "id": "f8970b45-e2b4-4347-aca1-a4efcaa53c9e",
            "port_range_max": 0,
            "port_range_min": 0,
            "protocol": "icmp",
            "region": "RegionOne",
            "remote_group_id": "",
            "remote_ip_prefix": "0.0.0.0/0",
            "security_group_id": "20565c49-abfb-418f-92b6-ed7d7ec40e48",
            "tenant_id": "153da7c282904af8b61d59d064ec50a2",
            "timeouts": null
          },
          "sensitive_attributes": [],
          "private": "eyJlMmJmYjczMC1lY2FhLTExZTYtOGY4OC0zNDM2M2JjN2M0YzAiOnsiZGVsZXRlIjo2MDAwMDAwMDAwMDB9fQ==",
          "dependencies": [
            "data.external.env",
            "openstack_networking_secgroup_v2.secgroup_1"
          ]
        }
      ]
    },
    {
      "mode": "managed",
      "type": "openstack_networking_secgroup_rule_v2",
      "name": "secgroup_rule_3",
      "provider": "provider[\"registry.terraform.io/terraform-provider-openstack/openstack\"]",
      "instances": [
        {
          "schema_version": 0,
          "attributes": {
            "description": "",
            "direction": "ingress",
            "ethertype": "IPv4",
            "id": "249e4f60-2586-440b-9d9a-a5f4ebf11862",
            "port_range_max": 80,
            "port_range_min": 80,
            "protocol": "tcp",
            "region": "RegionOne",
            "remote_group_id": "",
            "remote_ip_prefix": "0.0.0.0/0",
            "security_group_id": "20565c49-abfb-418f-92b6-ed7d7ec40e48",
            "tenant_id": "153da7c282904af8b61d59d064ec50a2",
            "timeouts": null
          },
          "sensitive_attributes": [],
          "private": "eyJlMmJmYjczMC1lY2FhLTExZTYtOGY4OC0zNDM2M2JjN2M0YzAiOnsiZGVsZXRlIjo2MDAwMDAwMDAwMDB9fQ==",
          "dependencies": [
            "data.external.env",
            "openstack_networking_secgroup_v2.secgroup_1"
          ]
        }
      ]
    },
    {
      "mode": "managed",
      "type": "openstack_networking_secgroup_rule_v2",
      "name": "secgroup_rule_4",
      "provider": "provider[\"registry.terraform.io/terraform-provider-openstack/openstack\"]",
      "instances": [
        {
          "schema_version": 0,
          "attributes": {
            "description": "",
            "direction": "ingress",
            "ethertype": "IPv4",
            "id": "38625ae9-0438-4d9c-b9a0-e27ac1dd55c8",
            "port_range_max": 443,
            "port_range_min": 443,
            "protocol": "tcp",
            "region": "RegionOne",
            "remote_group_id": "",
            "remote_ip_prefix": "0.0.0.0/0",
            "security_group_id": "20565c49-abfb-418f-92b6-ed7d7ec40e48",
            "tenant_id": "153da7c282904af8b61d59d064ec50a2",
            "timeouts": null
          },
          "sensitive_attributes": [],
          "private": "eyJlMmJmYjczMC1lY2FhLTExZTYtOGY4OC0zNDM2M2JjN2M0YzAiOnsiZGVsZXRlIjo2MDAwMDAwMDAwMDB9fQ==",
          "dependencies": [
            "data.external.env",
            "openstack_networking_secgroup_v2.secgroup_1"
          ]
        }
      ]
    },
    {
      "mode": "managed",
      "type": "openstack_networking_secgroup_v2",
      "name": "secgroup_1",
      "provider": "provider[\"registry.terraform.io/terraform-provider-openstack/openstack\"]",
      "instances": [
        {
          "schema_version": 0,
          "attributes": {
            "all_tags": [],
            "delete_default_rules": null,
            "description": "My neutron security group",
            "id": "20565c49-abfb-418f-92b6-ed7d7ec40e48",
            "name": "secgroup_1",
            "region": "RegionOne",
            "tags": null,
            "tenant_id": "153da7c282904af8b61d59d064ec50a2",
            "timeouts": null
          },
          "sensitive_attributes": [],
          "private": "eyJlMmJmYjczMC1lY2FhLTExZTYtOGY4OC0zNDM2M2JjN2M0YzAiOnsiZGVsZXRlIjo2MDAwMDAwMDAwMDB9fQ==",
          "dependencies": [
            "data.external.env"
          ]
        }
      ]
    }
  ],
  "check_results": null
}
